
Microsoft Visual Studio Solution File, Format Version 12.00
# Visual Studio 15
Project("{FAE04EC0-301F-11D3-BF4B-00C04F79EFBC}") = "Meta.WitAi.Conduit", "Meta.WitAi.Conduit.csproj", "{7A2211F2-3827-27F4-8DA4-A0C026E038B1}"
EndProject
Project("{FAE04EC0-301F-11D3-BF4B-00C04F79EFBC}") = "Oculus.VR", "Oculus.VR.csproj", "{93E85D4F-81AD-3EB3-73C8-68553EB41D3B}"
EndProject
Project("{FAE04EC0-301F-11D3-BF4B-00C04F79EFBC}") = "Oculus.Interaction", "Oculus.Interaction.csproj", "{22129BE2-FE1F-8710-2BDB-C9ECC88B3C9E}"
EndProject
Project("{FAE04EC0-301F-11D3-BF4B-00C04F79EFBC}") = "Oculus.Interaction.Editor", "Oculus.Interaction.Editor.csproj", "{94635ABA-90B3-F4E9-BCD2-FCA3ECF28819}"
EndProject
Project("{FAE04EC0-301F-11D3-BF4B-00C04F79EFBC}") = "Oculus.Platform", "Oculus.Platform.csproj", "{C0FC2DC1-F943-0D0E-AE59-A4E703A6D179}"
EndProject
Project("{FAE04EC0-301F-11D3-BF4B-00C04F79EFBC}") = "VoiceSDK.Telemetry", "VoiceSDK.Telemetry.csproj", "{8830E577-EA6D-3900-350E-DD3B15F8ADD1}"
EndProject
Project("{FAE04EC0-301F-11D3-BF4B-00C04F79EFBC}") = "Assembly-CSharp", "Assembly-CSharp.csproj", "{2F60A73D-D049-E0F5-1938-FC418C563AA5}"
EndProject
Project("{FAE04EC0-301F-11D3-BF4B-00C04F79EFBC}") = "Oculus.Interaction.OVR.Samples", "Oculus.Interaction.OVR.Samples.csproj", "{5004909A-C65F-CDD0-2CCC-852B35F02036}"
EndProject
Project("{FAE04EC0-301F-11D3-BF4B-00C04F79EFBC}") = "Meta.WitAi.Lib", "Meta.WitAi.Lib.csproj", "{8D98B726-B5E2-CF8A-8E93-6A8B79E6278B}"
EndProject
Project("{FAE04EC0-301F-11D3-BF4B-00C04F79EFBC}") = "Meta.WitAi.Editor", "Meta.WitAi.Editor.csproj", "{529FBF39-BECF-869F-A63A-470017D9CDF4}"
EndProject
Project("{FAE04EC0-301F-11D3-BF4B-00C04F79EFBC}") = "Meta.WitAi.Conduit.Editor", "Meta.WitAi.Conduit.Editor.csproj", "{2920E480-C4DB-9540-C875-7634629B1C1F}"
EndProject
Project("{FAE04EC0-301F-11D3-BF4B-00C04F79EFBC}") = "Meta.WitAi", "Meta.WitAi.csproj", "{7AD22C7B-F723-25E5-8EAA-6748BA94B771}"
EndProject
Project("{FAE04EC0-301F-11D3-BF4B-00C04F79EFBC}") = "Oculus.VR.Editor", "Oculus.VR.Editor.csproj", "{39D44EFC-C1A4-37BC-A40C-6FDBC91FC0A5}"
EndProject
Project("{FAE04EC0-301F-11D3-BF4B-00C04F79EFBC}") = "Oculus.Interaction.OVR.Editor", "Oculus.Interaction.OVR.Editor.csproj", "{5F61AAC4-852E-663A-C384-5298DB0A561B}"
EndProject
Project("{FAE04EC0-301F-11D3-BF4B-00C04F79EFBC}") = "Oculus.LipSync", "Oculus.LipSync.csproj", "{61781429-849B-1E2B-12BC-6090643442D0}"
EndProject
Project("{FAE04EC0-301F-11D3-BF4B-00C04F79EFBC}") = "Oculus.Interaction.OVR", "Oculus.Interaction.OVR.csproj", "{3C082E5D-ECA3-F1CF-AB85-746904CD5A7D}"
EndProject
Project("{FAE04EC0-301F-11D3-BF4B-00C04F79EFBC}") = "VoiceSDK.Editor", "VoiceSDK.Editor.csproj", "{5F465188-ABEC-3C01-22C7-4EF3DA85181C}"
EndProject
Project("{FAE04EC0-301F-11D3-BF4B-00C04F79EFBC}") = "Meta.WitAI.Lib.Editor", "Meta.WitAI.Lib.Editor.csproj", "{989C40B8-4265-10FF-C30A-14A09A75A224}"
EndProject
Project("{FAE04EC0-301F-11D3-BF4B-00C04F79EFBC}") = "Meta.WitAi.TTS", "Meta.WitAi.TTS.csproj", "{BEED5DBA-316A-5CB9-FB23-1B71035421F9}"
EndProject
Project("{FAE04EC0-301F-11D3-BF4B-00C04F79EFBC}") = "Oculus.AudioManager", "Oculus.AudioManager.csproj", "{D3F759F2-0055-0898-202D-2D4A21C9C2A4}"
EndProject
Project("{FAE04EC0-301F-11D3-BF4B-00C04F79EFBC}") = "Meta.WitAi.TTS.Editor", "Meta.WitAi.TTS.Editor.csproj", "{C0503481-47AD-6601-DB3A-E6EE8B986BCD}"
EndProject
Project("{FAE04EC0-301F-11D3-BF4B-00C04F79EFBC}") = "Meta.Voice.Samples.BuiltInTimer", "Meta.Voice.Samples.BuiltInTimer.csproj", "{4B827D99-A764-E488-F222-7D6CA4FEB8A5}"
EndProject
Project("{FAE04EC0-301F-11D3-BF4B-00C04F79EFBC}") = "Meta.XR.BuildingBlocks.Editor", "Meta.XR.BuildingBlocks.Editor.csproj", "{CB5BDEF7-1FDE-67E7-E85A-AF2F42A7E709}"
EndProject
Project("{FAE04EC0-301F-11D3-BF4B-00C04F79EFBC}") = "Meta.Voice.VSDKHub.Editor", "Meta.Voice.VSDKHub.Editor.csproj", "{C4348284-FABF-C082-F00E-002CCE050C5A}"
EndProject
Project("{FAE04EC0-301F-11D3-BF4B-00C04F79EFBC}") = "VoiceSDK.Dictation.Runtime", "VoiceSDK.Dictation.Runtime.csproj", "{8BA8A2B9-4C97-D24E-29BA-4852290228A2}"
EndProject
Project("{FAE04EC0-301F-11D3-BF4B-00C04F79EFBC}") = "AssistantCoreSDKRuntime", "AssistantCoreSDKRuntime.csproj", "{E15E4936-0D3A-CDA5-A060-2FB915ACF70C}"
EndProject
Project("{FAE04EC0-301F-11D3-BF4B-00C04F79EFBC}") = "Assembly-CSharp-Editor", "Assembly-CSharp-Editor.csproj", "{B398DCE6-2C95-5042-E209-0923FA2F1E7C}"
EndProject
Project("{FAE04EC0-301F-11D3-BF4B-00C04F79EFBC}") = "Meta.Voice.Samples.TTSVoices", "Meta.Voice.Samples.TTSVoices.csproj", "{0DD410C5-62BD-B1AC-F123-0BBB5ED729C5}"
EndProject
Project("{FAE04EC0-301F-11D3-BF4B-00C04F79EFBC}") = "VoiceSDK.Runtime", "VoiceSDK.Runtime.csproj", "{903917E4-C790-692B-5EC8-64A5A6F756C1}"
EndProject
Project("{FAE04EC0-301F-11D3-BF4B-00C04F79EFBC}") = "Meta.WitAi.TTS.Samples", "Meta.WitAi.TTS.Samples.csproj", "{017A6022-8538-185C-A6C7-3608EC7036E2}"
EndProject
Project("{FAE04EC0-301F-11D3-BF4B-00C04F79EFBC}") = "Oculus.VR.Scripts.Editor", "Oculus.VR.Scripts.Editor.csproj", "{1BAD0A88-70D9-A0CD-A769-30AE200BC75C}"
EndProject
Project("{FAE04EC0-301F-11D3-BF4B-00C04F79EFBC}") = "Meta.Voice.Samples.LightTraits", "Meta.Voice.Samples.LightTraits.csproj", "{14F09D59-B495-94D2-1538-66EF4CC8378E}"
EndProject
Project("{FAE04EC0-301F-11D3-BF4B-00C04F79EFBC}") = "Meta.Voice.Hub.Editor", "Meta.Voice.Hub.Editor.csproj", "{D5B4751A-1F20-4CD7-4412-13C7A69357A2}"
EndProject
Project("{FAE04EC0-301F-11D3-BF4B-00C04F79EFBC}") = "Oculus.Interaction.Samples.Editor", "Oculus.Interaction.Samples.Editor.csproj", "{9FE14E5C-3E47-9852-EA10-52EFFC4353D5}"
EndProject
Project("{FAE04EC0-301F-11D3-BF4B-00C04F79EFBC}") = "Meta.XR.BuildingBlocks", "Meta.XR.BuildingBlocks.csproj", "{9313F229-81A9-6567-9F14-A940EF8F481B}"
EndProject
Project("{FAE04EC0-301F-11D3-BF4B-00C04F79EFBC}") = "Oculus.Platform.Editor", "Oculus.Platform.Editor.csproj", "{F901C855-3FA2-1F40-7519-A835230615E7}"
EndProject
Project("{FAE04EC0-301F-11D3-BF4B-00C04F79EFBC}") = "Facebook.Wit.Dictation", "Facebook.Wit.Dictation.csproj", "{20A56863-F7C2-B43A-E498-5F256C1C9B55}"
EndProject
Project("{FAE04EC0-301F-11D3-BF4B-00C04F79EFBC}") = "Oculus.Spatializer.Editor", "Oculus.Spatializer.Editor.csproj", "{98527C59-3C02-96DB-5A58-18220D637A19}"
EndProject
Project("{FAE04EC0-301F-11D3-BF4B-00C04F79EFBC}") = "Oculus.LipSync.Editor", "Oculus.LipSync.Editor.csproj", "{E5AB1A65-F70E-13B6-2497-7E7879F00D25}"
EndProject
Project("{FAE04EC0-301F-11D3-BF4B-00C04F79EFBC}") = "Oculus.AudioManager.Utils.Editor", "Oculus.AudioManager.Utils.Editor.csproj", "{C0C2181D-363C-7D88-65D0-3965157E3320}"
EndProject
Project("{FAE04EC0-301F-11D3-BF4B-00C04F79EFBC}") = "Meta.VoiceSDK.Mic.Common", "Meta.VoiceSDK.Mic.Common.csproj", "{1DAD50C7-055D-B0B9-883D-8024F7A0121D}"
EndProject
Project("{FAE04EC0-301F-11D3-BF4B-00C04F79EFBC}") = "Meta.Voice.Samples.ShapesConduit", "Meta.Voice.Samples.ShapesConduit.csproj", "{684C0C82-2CCF-BC56-FDF2-C3B91004F4D7}"
EndProject
Project("{FAE04EC0-301F-11D3-BF4B-00C04F79EFBC}") = "Oculus.Spatializer", "Oculus.Spatializer.csproj", "{A30DA875-EBF6-6F3A-8567-FF3884DF7F78}"
EndProject
Project("{FAE04EC0-301F-11D3-BF4B-00C04F79EFBC}") = "Meta.VoiceSDK.Mic.Other", "Meta.VoiceSDK.Mic.Other.csproj", "{86390F04-B898-6401-6884-AA49F068243A}"
EndProject
Project("{FAE04EC0-301F-11D3-BF4B-00C04F79EFBC}") = "Oculus.Interaction.InterfaceSupport", "Oculus.Interaction.InterfaceSupport.csproj", "{7ECA412A-063B-FEA0-5167-7EBEC32845A0}"
EndProject
Project("{FAE04EC0-301F-11D3-BF4B-00C04F79EFBC}") = "Oculus.AudioManager.Audio.Editor", "Oculus.AudioManager.Audio.Editor.csproj", "{36AB6F0B-3EB7-28C3-EA60-0FDA0F1D8B2C}"
EndProject
Project("{FAE04EC0-301F-11D3-BF4B-00C04F79EFBC}") = "Meta.Voice.Samples.LiveUnderstanding", "Meta.Voice.Samples.LiveUnderstanding.csproj", "{1DD6E3EB-A43C-0E7D-E937-20324B2DC081}"
EndProject
Project("{FAE04EC0-301F-11D3-BF4B-00C04F79EFBC}") = "VoiceSDK.Dictation.Editor", "VoiceSDK.Dictation.Editor.csproj", "{75FC5639-7D94-2D0B-B40D-D0073127D88B}"
EndProject
Project("{FAE04EC0-301F-11D3-BF4B-00C04F79EFBC}") = "AssistantCoreSDKEditor", "AssistantCoreSDKEditor.csproj", "{40DBA2C3-F736-F41C-BDC7-A68D53389CAF}"
EndProject
Project("{FAE04EC0-301F-11D3-BF4B-00C04F79EFBC}") = "Meta.VoiceSDK.Mic.WebGL", "Meta.VoiceSDK.Mic.WebGL.csproj", "{FE0C0D24-C072-57D7-1951-228CB270A0B3}"
EndProject
Project("{FAE04EC0-301F-11D3-BF4B-00C04F79EFBC}") = "Meta.Voice.Hub.Runtime", "Meta.Voice.Hub.Runtime.csproj", "{E23C4943-9659-DAB4-2276-69E6760AAF82}"
EndProject
Project("{FAE04EC0-301F-11D3-BF4B-00C04F79EFBC}") = "Meta.Voice.Samples.Chess", "Meta.Voice.Samples.Chess.csproj", "{41C6AB6C-9D6F-8205-EE80-CE3EDA424961}"
EndProject
Project("{FAE04EC0-301F-11D3-BF4B-00C04F79EFBC}") = "Meta.Voice.Samples.Dictation", "Meta.Voice.Samples.Dictation.csproj", "{79255154-DFEC-174E-BF03-E6A2CA26888B}"
EndProject
Project("{FAE04EC0-301F-11D3-BF4B-00C04F79EFBC}") = "Meta.Voice.Samples.Shapes", "Meta.Voice.Samples.Shapes.csproj", "{0C23CFA4-4D92-6F77-828B-A23896EC1191}"
EndProject
Project("{FAE04EC0-301F-11D3-BF4B-00C04F79EFBC}") = "Facebook.Wit.Dictation.Editor", "Facebook.Wit.Dictation.Editor.csproj", "{2C6A80F4-372C-11D0-5283-9BE4FB12234C}"
EndProject
Global
	GlobalSection(SolutionConfigurationPlatforms) = preSolution
		Debug|Any CPU = Debug|Any CPU
		Release|Any CPU = Release|Any CPU
	EndGlobalSection
	GlobalSection(ProjectConfigurationPlatforms) = postSolution
		{7A2211F2-3827-27F4-8DA4-A0C026E038B1}.Debug|Any CPU.ActiveCfg = Debug|Any CPU
		{7A2211F2-3827-27F4-8DA4-A0C026E038B1}.Debug|Any CPU.Build.0 = Debug|Any CPU
		{7A2211F2-3827-27F4-8DA4-A0C026E038B1}.Release|Any CPU.ActiveCfg = Release|Any CPU
		{7A2211F2-3827-27F4-8DA4-A0C026E038B1}.Release|Any CPU.Build.0 = Release|Any CPU
		{93E85D4F-81AD-3EB3-73C8-68553EB41D3B}.Debug|Any CPU.ActiveCfg = Debug|Any CPU
		{93E85D4F-81AD-3EB3-73C8-68553EB41D3B}.Debug|Any CPU.Build.0 = Debug|Any CPU
		{93E85D4F-81AD-3EB3-73C8-68553EB41D3B}.Release|Any CPU.ActiveCfg = Release|Any CPU
		{93E85D4F-81AD-3EB3-73C8-68553EB41D3B}.Release|Any CPU.Build.0 = Release|Any CPU
		{22129BE2-FE1F-8710-2BDB-C9ECC88B3C9E}.Debug|Any CPU.ActiveCfg = Debug|Any CPU
		{22129BE2-FE1F-8710-2BDB-C9ECC88B3C9E}.Debug|Any CPU.Build.0 = Debug|Any CPU
		{22129BE2-FE1F-8710-2BDB-C9ECC88B3C9E}.Release|Any CPU.ActiveCfg = Release|Any CPU
		{22129BE2-FE1F-8710-2BDB-C9ECC88B3C9E}.Release|Any CPU.Build.0 = Release|Any CPU
		{94635ABA-90B3-F4E9-BCD2-FCA3ECF28819}.Debug|Any CPU.ActiveCfg = Debug|Any CPU
		{94635ABA-90B3-F4E9-BCD2-FCA3ECF28819}.Debug|Any CPU.Build.0 = Debug|Any CPU
		{94635ABA-90B3-F4E9-BCD2-FCA3ECF28819}.Release|Any CPU.ActiveCfg = Release|Any CPU
		{94635ABA-90B3-F4E9-BCD2-FCA3ECF28819}.Release|Any CPU.Build.0 = Release|Any CPU
		{C0FC2DC1-F943-0D0E-AE59-A4E703A6D179}.Debug|Any CPU.ActiveCfg = Debug|Any CPU
		{C0FC2DC1-F943-0D0E-AE59-A4E703A6D179}.Debug|Any CPU.Build.0 = Debug|Any CPU
		{C0FC2DC1-F943-0D0E-AE59-A4E703A6D179}.Release|Any CPU.ActiveCfg = Release|Any CPU
		{C0FC2DC1-F943-0D0E-AE59-A4E703A6D179}.Release|Any CPU.Build.0 = Release|Any CPU
		{8830E577-EA6D-3900-350E-DD3B15F8ADD1}.Debug|Any CPU.ActiveCfg = Debug|Any CPU
		{8830E577-EA6D-3900-350E-DD3B15F8ADD1}.Debug|Any CPU.Build.0 = Debug|Any CPU
		{8830E577-EA6D-3900-350E-DD3B15F8ADD1}.Release|Any CPU.ActiveCfg = Release|Any CPU
		{8830E577-EA6D-3900-350E-DD3B15F8ADD1}.Release|Any CPU.Build.0 = Release|Any CPU
		{2F60A73D-D049-E0F5-1938-FC418C563AA5}.Debug|Any CPU.ActiveCfg = Debug|Any CPU
		{2F60A73D-D049-E0F5-1938-FC418C563AA5}.Debug|Any CPU.Build.0 = Debug|Any CPU
		{2F60A73D-D049-E0F5-1938-FC418C563AA5}.Release|Any CPU.ActiveCfg = Release|Any CPU
		{2F60A73D-D049-E0F5-1938-FC418C563AA5}.Release|Any CPU.Build.0 = Release|Any CPU
		{5004909A-C65F-CDD0-2CCC-852B35F02036}.Debug|Any CPU.ActiveCfg = Debug|Any CPU
		{5004909A-C65F-CDD0-2CCC-852B35F02036}.Debug|Any CPU.Build.0 = Debug|Any CPU
		{5004909A-C65F-CDD0-2CCC-852B35F02036}.Release|Any CPU.ActiveCfg = Release|Any CPU
		{5004909A-C65F-CDD0-2CCC-852B35F02036}.Release|Any CPU.Build.0 = Release|Any CPU
		{8D98B726-B5E2-CF8A-8E93-6A8B79E6278B}.Debug|Any CPU.ActiveCfg = Debug|Any CPU
		{8D98B726-B5E2-CF8A-8E93-6A8B79E6278B}.Debug|Any CPU.Build.0 = Debug|Any CPU
		{8D98B726-B5E2-CF8A-8E93-6A8B79E6278B}.Release|Any CPU.ActiveCfg = Release|Any CPU
		{8D98B726-B5E2-CF8A-8E93-6A8B79E6278B}.Release|Any CPU.Build.0 = Release|Any CPU
		{529FBF39-BECF-869F-A63A-470017D9CDF4}.Debug|Any CPU.ActiveCfg = Debug|Any CPU
		{529FBF39-BECF-869F-A63A-470017D9CDF4}.Debug|Any CPU.Build.0 = Debug|Any CPU
		{529FBF39-BECF-869F-A63A-470017D9CDF4}.Release|Any CPU.ActiveCfg = Release|Any CPU
		{529FBF39-BECF-869F-A63A-470017D9CDF4}.Release|Any CPU.Build.0 = Release|Any CPU
		{2920E480-C4DB-9540-C875-7634629B1C1F}.Debug|Any CPU.ActiveCfg = Debug|Any CPU
		{2920E480-C4DB-9540-C875-7634629B1C1F}.Debug|Any CPU.Build.0 = Debug|Any CPU
		{2920E480-C4DB-9540-C875-7634629B1C1F}.Release|Any CPU.ActiveCfg = Release|Any CPU
		{2920E480-C4DB-9540-C875-7634629B1C1F}.Release|Any CPU.Build.0 = Release|Any CPU
		{7AD22C7B-F723-25E5-8EAA-6748BA94B771}.Debug|Any CPU.ActiveCfg = Debug|Any CPU
		{7AD22C7B-F723-25E5-8EAA-6748BA94B771}.Debug|Any CPU.Build.0 = Debug|Any CPU
		{7AD22C7B-F723-25E5-8EAA-6748BA94B771}.Release|Any CPU.ActiveCfg = Release|Any CPU
		{7AD22C7B-F723-25E5-8EAA-6748BA94B771}.Release|Any CPU.Build.0 = Release|Any CPU
		{39D44EFC-C1A4-37BC-A40C-6FDBC91FC0A5}.Debug|Any CPU.ActiveCfg = Debug|Any CPU
		{39D44EFC-C1A4-37BC-A40C-6FDBC91FC0A5}.Debug|Any CPU.Build.0 = Debug|Any CPU
		{39D44EFC-C1A4-37BC-A40C-6FDBC91FC0A5}.Release|Any CPU.ActiveCfg = Release|Any CPU
		{39D44EFC-C1A4-37BC-A40C-6FDBC91FC0A5}.Release|Any CPU.Build.0 = Release|Any CPU
		{5F61AAC4-852E-663A-C384-5298DB0A561B}.Debug|Any CPU.ActiveCfg = Debug|Any CPU
		{5F61AAC4-852E-663A-C384-5298DB0A561B}.Debug|Any CPU.Build.0 = Debug|Any CPU
		{5F61AAC4-852E-663A-C384-5298DB0A561B}.Release|Any CPU.ActiveCfg = Release|Any CPU
		{5F61AAC4-852E-663A-C384-5298DB0A561B}.Release|Any CPU.Build.0 = Release|Any CPU
		{61781429-849B-1E2B-12BC-6090643442D0}.Debug|Any CPU.ActiveCfg = Debug|Any CPU
		{61781429-849B-1E2B-12BC-6090643442D0}.Debug|Any CPU.Build.0 = Debug|Any CPU
		{61781429-849B-1E2B-12BC-6090643442D0}.Release|Any CPU.ActiveCfg = Release|Any CPU
		{61781429-849B-1E2B-12BC-6090643442D0}.Release|Any CPU.Build.0 = Release|Any CPU
		{3C082E5D-ECA3-F1CF-AB85-746904CD5A7D}.Debug|Any CPU.ActiveCfg = Debug|Any CPU
		{3C082E5D-ECA3-F1CF-AB85-746904CD5A7D}.Debug|Any CPU.Build.0 = Debug|Any CPU
		{3C082E5D-ECA3-F1CF-AB85-746904CD5A7D}.Release|Any CPU.ActiveCfg = Release|Any CPU
		{3C082E5D-ECA3-F1CF-AB85-746904CD5A7D}.Release|Any CPU.Build.0 = Release|Any CPU
		{5F465188-ABEC-3C01-22C7-4EF3DA85181C}.Debug|Any CPU.ActiveCfg = Debug|Any CPU
		{5F465188-ABEC-3C01-22C7-4EF3DA85181C}.Debug|Any CPU.Build.0 = Debug|Any CPU
		{5F465188-ABEC-3C01-22C7-4EF3DA85181C}.Release|Any CPU.ActiveCfg = Release|Any CPU
		{5F465188-ABEC-3C01-22C7-4EF3DA85181C}.Release|Any CPU.Build.0 = Release|Any CPU
		{989C40B8-4265-10FF-C30A-14A09A75A224}.Debug|Any CPU.ActiveCfg = Debug|Any CPU
		{989C40B8-4265-10FF-C30A-14A09A75A224}.Debug|Any CPU.Build.0 = Debug|Any CPU
		{989C40B8-4265-10FF-C30A-14A09A75A224}.Release|Any CPU.ActiveCfg = Release|Any CPU
		{989C40B8-4265-10FF-C30A-14A09A75A224}.Release|Any CPU.Build.0 = Release|Any CPU
		{BEED5DBA-316A-5CB9-FB23-1B71035421F9}.Debug|Any CPU.ActiveCfg = Debug|Any CPU
		{BEED5DBA-316A-5CB9-FB23-1B71035421F9}.Debug|Any CPU.Build.0 = Debug|Any CPU
		{BEED5DBA-316A-5CB9-FB23-1B71035421F9}.Release|Any CPU.ActiveCfg = Release|Any CPU
		{BEED5DBA-316A-5CB9-FB23-1B71035421F9}.Release|Any CPU.Build.0 = Release|Any CPU
		{D3F759F2-0055-0898-202D-2D4A21C9C2A4}.Debug|Any CPU.ActiveCfg = Debug|Any CPU
		{D3F759F2-0055-0898-202D-2D4A21C9C2A4}.Debug|Any CPU.Build.0 = Debug|Any CPU
		{D3F759F2-0055-0898-202D-2D4A21C9C2A4}.Release|Any CPU.ActiveCfg = Release|Any CPU
		{D3F759F2-0055-0898-202D-2D4A21C9C2A4}.Release|Any CPU.Build.0 = Release|Any CPU
		{C0503481-47AD-6601-DB3A-E6EE8B986BCD}.Debug|Any CPU.ActiveCfg = Debug|Any CPU
		{C0503481-47AD-6601-DB3A-E6EE8B986BCD}.Debug|Any CPU.Build.0 = Debug|Any CPU
		{C0503481-47AD-6601-DB3A-E6EE8B986BCD}.Release|Any CPU.ActiveCfg = Release|Any CPU
		{C0503481-47AD-6601-DB3A-E6EE8B986BCD}.Release|Any CPU.Build.0 = Release|Any CPU
		{4B827D99-A764-E488-F222-7D6CA4FEB8A5}.Debug|Any CPU.ActiveCfg = Debug|Any CPU
		{4B827D99-A764-E488-F222-7D6CA4FEB8A5}.Debug|Any CPU.Build.0 = Debug|Any CPU
		{4B827D99-A764-E488-F222-7D6CA4FEB8A5}.Release|Any CPU.ActiveCfg = Release|Any CPU
		{4B827D99-A764-E488-F222-7D6CA4FEB8A5}.Release|Any CPU.Build.0 = Release|Any CPU
		{CB5BDEF7-1FDE-67E7-E85A-AF2F42A7E709}.Debug|Any CPU.ActiveCfg = Debug|Any CPU
		{CB5BDEF7-1FDE-67E7-E85A-AF2F42A7E709}.Debug|Any CPU.Build.0 = Debug|Any CPU
		{CB5BDEF7-1FDE-67E7-E85A-AF2F42A7E709}.Release|Any CPU.ActiveCfg = Release|Any CPU
		{CB5BDEF7-1FDE-67E7-E85A-AF2F42A7E709}.Release|Any CPU.Build.0 = Release|Any CPU
		{C4348284-FABF-C082-F00E-002CCE050C5A}.Debug|Any CPU.ActiveCfg = Debug|Any CPU
		{C4348284-FABF-C082-F00E-002CCE050C5A}.Debug|Any CPU.Build.0 = Debug|Any CPU
		{C4348284-FABF-C082-F00E-002CCE050C5A}.Release|Any CPU.ActiveCfg = Release|Any CPU
		{C4348284-FABF-C082-F00E-002CCE050C5A}.Release|Any CPU.Build.0 = Release|Any CPU
		{8BA8A2B9-4C97-D24E-29BA-4852290228A2}.Debug|Any CPU.ActiveCfg = Debug|Any CPU
		{8BA8A2B9-4C97-D24E-29BA-4852290228A2}.Debug|Any CPU.Build.0 = Debug|Any CPU
		{8BA8A2B9-4C97-D24E-29BA-4852290228A2}.Release|Any CPU.ActiveCfg = Release|Any CPU
		{8BA8A2B9-4C97-D24E-29BA-4852290228A2}.Release|Any CPU.Build.0 = Release|Any CPU
		{E15E4936-0D3A-CDA5-A060-2FB915ACF70C}.Debug|Any CPU.ActiveCfg = Debug|Any CPU
		{E15E4936-0D3A-CDA5-A060-2FB915ACF70C}.Debug|Any CPU.Build.0 = Debug|Any CPU
		{E15E4936-0D3A-CDA5-A060-2FB915ACF70C}.Release|Any CPU.ActiveCfg = Release|Any CPU
		{E15E4936-0D3A-CDA5-A060-2FB915ACF70C}.Release|Any CPU.Build.0 = Release|Any CPU
		{B398DCE6-2C95-5042-E209-0923FA2F1E7C}.Debug|Any CPU.ActiveCfg = Debug|Any CPU
		{B398DCE6-2C95-5042-E209-0923FA2F1E7C}.Debug|Any CPU.Build.0 = Debug|Any CPU
		{B398DCE6-2C95-5042-E209-0923FA2F1E7C}.Release|Any CPU.ActiveCfg = Release|Any CPU
		{B398DCE6-2C95-5042-E209-0923FA2F1E7C}.Release|Any CPU.Build.0 = Release|Any CPU
		{0DD410C5-62BD-B1AC-F123-0BBB5ED729C5}.Debug|Any CPU.ActiveCfg = Debug|Any CPU
		{0DD410C5-62BD-B1AC-F123-0BBB5ED729C5}.Debug|Any CPU.Build.0 = Debug|Any CPU
		{0DD410C5-62BD-B1AC-F123-0BBB5ED729C5}.Release|Any CPU.ActiveCfg = Release|Any CPU
		{0DD410C5-62BD-B1AC-F123-0BBB5ED729C5}.Release|Any CPU.Build.0 = Release|Any CPU
		{903917E4-C790-692B-5EC8-64A5A6F756C1}.Debug|Any CPU.ActiveCfg = Debug|Any CPU
		{903917E4-C790-692B-5EC8-64A5A6F756C1}.Debug|Any CPU.Build.0 = Debug|Any CPU
		{903917E4-C790-692B-5EC8-64A5A6F756C1}.Release|Any CPU.ActiveCfg = Release|Any CPU
		{903917E4-C790-692B-5EC8-64A5A6F756C1}.Release|Any CPU.Build.0 = Release|Any CPU
		{017A6022-8538-185C-A6C7-3608EC7036E2}.Debug|Any CPU.ActiveCfg = Debug|Any CPU
		{017A6022-8538-185C-A6C7-3608EC7036E2}.Debug|Any CPU.Build.0 = Debug|Any CPU
		{017A6022-8538-185C-A6C7-3608EC7036E2}.Release|Any CPU.ActiveCfg = Release|Any CPU
		{017A6022-8538-185C-A6C7-3608EC7036E2}.Release|Any CPU.Build.0 = Release|Any CPU
		{1BAD0A88-70D9-A0CD-A769-30AE200BC75C}.Debug|Any CPU.ActiveCfg = Debug|Any CPU
		{1BAD0A88-70D9-A0CD-A769-30AE200BC75C}.Debug|Any CPU.Build.0 = Debug|Any CPU
		{1BAD0A88-70D9-A0CD-A769-30AE200BC75C}.Release|Any CPU.ActiveCfg = Release|Any CPU
		{1BAD0A88-70D9-A0CD-A769-30AE200BC75C}.Release|Any CPU.Build.0 = Release|Any CPU
		{14F09D59-B495-94D2-1538-66EF4CC8378E}.Debug|Any CPU.ActiveCfg = Debug|Any CPU
		{14F09D59-B495-94D2-1538-66EF4CC8378E}.Debug|Any CPU.Build.0 = Debug|Any CPU
		{14F09D59-B495-94D2-1538-66EF4CC8378E}.Release|Any CPU.ActiveCfg = Release|Any CPU
		{14F09D59-B495-94D2-1538-66EF4CC8378E}.Release|Any CPU.Build.0 = Release|Any CPU
		{D5B4751A-1F20-4CD7-4412-13C7A69357A2}.Debug|Any CPU.ActiveCfg = Debug|Any CPU
		{D5B4751A-1F20-4CD7-4412-13C7A69357A2}.Debug|Any CPU.Build.0 = Debug|Any CPU
		{D5B4751A-1F20-4CD7-4412-13C7A69357A2}.Release|Any CPU.ActiveCfg = Release|Any CPU
		{D5B4751A-1F20-4CD7-4412-13C7A69357A2}.Release|Any CPU.Build.0 = Release|Any CPU
		{9FE14E5C-3E47-9852-EA10-52EFFC4353D5}.Debug|Any CPU.ActiveCfg = Debug|Any CPU
		{9FE14E5C-3E47-9852-EA10-52EFFC4353D5}.Debug|Any CPU.Build.0 = Debug|Any CPU
		{9FE14E5C-3E47-9852-EA10-52EFFC4353D5}.Release|Any CPU.ActiveCfg = Release|Any CPU
		{9FE14E5C-3E47-9852-EA10-52EFFC4353D5}.Release|Any CPU.Build.0 = Release|Any CPU
		{9313F229-81A9-6567-9F14-A940EF8F481B}.Debug|Any CPU.ActiveCfg = Debug|Any CPU
		{9313F229-81A9-6567-9F14-A940EF8F481B}.Debug|Any CPU.Build.0 = Debug|Any CPU
		{9313F229-81A9-6567-9F14-A940EF8F481B}.Release|Any CPU.ActiveCfg = Release|Any CPU
		{9313F229-81A9-6567-9F14-A940EF8F481B}.Release|Any CPU.Build.0 = Release|Any CPU
		{F901C855-3FA2-1F40-7519-A835230615E7}.Debug|Any CPU.ActiveCfg = Debug|Any CPU
		{F901C855-3FA2-1F40-7519-A835230615E7}.Debug|Any CPU.Build.0 = Debug|Any CPU
		{F901C855-3FA2-1F40-7519-A835230615E7}.Release|Any CPU.ActiveCfg = Release|Any CPU
		{F901C855-3FA2-1F40-7519-A835230615E7}.Release|Any CPU.Build.0 = Release|Any CPU
		{20A56863-F7C2-B43A-E498-5F256C1C9B55}.Debug|Any CPU.ActiveCfg = Debug|Any CPU
		{20A56863-F7C2-B43A-E498-5F256C1C9B55}.Debug|Any CPU.Build.0 = Debug|Any CPU
		{20A56863-F7C2-B43A-E498-5F256C1C9B55}.Release|Any CPU.ActiveCfg = Release|Any CPU
		{20A56863-F7C2-B43A-E498-5F256C1C9B55}.Release|Any CPU.Build.0 = Release|Any CPU
		{98527C59-3C02-96DB-5A58-18220D637A19}.Debug|Any CPU.ActiveCfg = Debug|Any CPU
		{98527C59-3C02-96DB-5A58-18220D637A19}.Debug|Any CPU.Build.0 = Debug|Any CPU
		{98527C59-3C02-96DB-5A58-18220D637A19}.Release|Any CPU.ActiveCfg = Release|Any CPU
		{98527C59-3C02-96DB-5A58-18220D637A19}.Release|Any CPU.Build.0 = Release|Any CPU
		{E5AB1A65-F70E-13B6-2497-7E7879F00D25}.Debug|Any CPU.ActiveCfg = Debug|Any CPU
		{E5AB1A65-F70E-13B6-2497-7E7879F00D25}.Debug|Any CPU.Build.0 = Debug|Any CPU
		{E5AB1A65-F70E-13B6-2497-7E7879F00D25}.Release|Any CPU.ActiveCfg = Release|Any CPU
		{E5AB1A65-F70E-13B6-2497-7E7879F00D25}.Release|Any CPU.Build.0 = Release|Any CPU
		{C0C2181D-363C-7D88-65D0-3965157E3320}.Debug|Any CPU.ActiveCfg = Debug|Any CPU
		{C0C2181D-363C-7D88-65D0-3965157E3320}.Debug|Any CPU.Build.0 = Debug|Any CPU
		{C0C2181D-363C-7D88-65D0-3965157E3320}.Release|Any CPU.ActiveCfg = Release|Any CPU
		{C0C2181D-363C-7D88-65D0-3965157E3320}.Release|Any CPU.Build.0 = Release|Any CPU
		{1DAD50C7-055D-B0B9-883D-8024F7A0121D}.Debug|Any CPU.ActiveCfg = Debug|Any CPU
		{1DAD50C7-055D-B0B9-883D-8024F7A0121D}.Debug|Any CPU.Build.0 = Debug|Any CPU
		{1DAD50C7-055D-B0B9-883D-8024F7A0121D}.Release|Any CPU.ActiveCfg = Release|Any CPU
		{1DAD50C7-055D-B0B9-883D-8024F7A0121D}.Release|Any CPU.Build.0 = Release|Any CPU
		{684C0C82-2CCF-BC56-FDF2-C3B91004F4D7}.Debug|Any CPU.ActiveCfg = Debug|Any CPU
		{684C0C82-2CCF-BC56-FDF2-C3B91004F4D7}.Debug|Any CPU.Build.0 = Debug|Any CPU
		{684C0C82-2CCF-BC56-FDF2-C3B91004F4D7}.Release|Any CPU.ActiveCfg = Release|Any CPU
		{684C0C82-2CCF-BC56-FDF2-C3B91004F4D7}.Release|Any CPU.Build.0 = Release|Any CPU
		{A30DA875-EBF6-6F3A-8567-FF3884DF7F78}.Debug|Any CPU.ActiveCfg = Debug|Any CPU
		{A30DA875-EBF6-6F3A-8567-FF3884DF7F78}.Debug|Any CPU.Build.0 = Debug|Any CPU
		{A30DA875-EBF6-6F3A-8567-FF3884DF7F78}.Release|Any CPU.ActiveCfg = Release|Any CPU
		{A30DA875-EBF6-6F3A-8567-FF3884DF7F78}.Release|Any CPU.Build.0 = Release|Any CPU
		{86390F04-B898-6401-6884-AA49F068243A}.Debug|Any CPU.ActiveCfg = Debug|Any CPU
		{86390F04-B898-6401-6884-AA49F068243A}.Debug|Any CPU.Build.0 = Debug|Any CPU
		{86390F04-B898-6401-6884-AA49F068243A}.Release|Any CPU.ActiveCfg = Release|Any CPU
		{86390F04-B898-6401-6884-AA49F068243A}.Release|Any CPU.Build.0 = Release|Any CPU
		{7ECA412A-063B-FEA0-5167-7EBEC32845A0}.Debug|Any CPU.ActiveCfg = Debug|Any CPU
		{7ECA412A-063B-FEA0-5167-7EBEC32845A0}.Debug|Any CPU.Build.0 = Debug|Any CPU
		{7ECA412A-063B-FEA0-5167-7EBEC32845A0}.Release|Any CPU.ActiveCfg = Release|Any CPU
		{7ECA412A-063B-FEA0-5167-7EBEC32845A0}.Release|Any CPU.Build.0 = Release|Any CPU
		{36AB6F0B-3EB7-28C3-EA60-0FDA0F1D8B2C}.Debug|Any CPU.ActiveCfg = Debug|Any CPU
		{36AB6F0B-3EB7-28C3-EA60-0FDA0F1D8B2C}.Debug|Any CPU.Build.0 = Debug|Any CPU
		{36AB6F0B-3EB7-28C3-EA60-0FDA0F1D8B2C}.Release|Any CPU.ActiveCfg = Release|Any CPU
		{36AB6F0B-3EB7-28C3-EA60-0FDA0F1D8B2C}.Release|Any CPU.Build.0 = Release|Any CPU
		{1DD6E3EB-A43C-0E7D-E937-20324B2DC081}.Debug|Any CPU.ActiveCfg = Debug|Any CPU
		{1DD6E3EB-A43C-0E7D-E937-20324B2DC081}.Debug|Any CPU.Build.0 = Debug|Any CPU
		{1DD6E3EB-A43C-0E7D-E937-20324B2DC081}.Release|Any CPU.ActiveCfg = Release|Any CPU
		{1DD6E3EB-A43C-0E7D-E937-20324B2DC081}.Release|Any CPU.Build.0 = Release|Any CPU
		{75FC5639-7D94-2D0B-B40D-D0073127D88B}.Debug|Any CPU.ActiveCfg = Debug|Any CPU
		{75FC5639-7D94-2D0B-B40D-D0073127D88B}.Debug|Any CPU.Build.0 = Debug|Any CPU
		{75FC5639-7D94-2D0B-B40D-D0073127D88B}.Release|Any CPU.ActiveCfg = Release|Any CPU
		{75FC5639-7D94-2D0B-B40D-D0073127D88B}.Release|Any CPU.Build.0 = Release|Any CPU
		{40DBA2C3-F736-F41C-BDC7-A68D53389CAF}.Debug|Any CPU.ActiveCfg = Debug|Any CPU
		{40DBA2C3-F736-F41C-BDC7-A68D53389CAF}.Debug|Any CPU.Build.0 = Debug|Any CPU
		{40DBA2C3-F736-F41C-BDC7-A68D53389CAF}.Release|Any CPU.ActiveCfg = Release|Any CPU
		{40DBA2C3-F736-F41C-BDC7-A68D53389CAF}.Release|Any CPU.Build.0 = Release|Any CPU
		{FE0C0D24-C072-57D7-1951-228CB270A0B3}.Debug|Any CPU.ActiveCfg = Debug|Any CPU
		{FE0C0D24-C072-57D7-1951-228CB270A0B3}.Debug|Any CPU.Build.0 = Debug|Any CPU
		{FE0C0D24-C072-57D7-1951-228CB270A0B3}.Release|Any CPU.ActiveCfg = Release|Any CPU
		{FE0C0D24-C072-57D7-1951-228CB270A0B3}.Release|Any CPU.Build.0 = Release|Any CPU
		{E23C4943-9659-DAB4-2276-69E6760AAF82}.Debug|Any CPU.ActiveCfg = Debug|Any CPU
		{E23C4943-9659-DAB4-2276-69E6760AAF82}.Debug|Any CPU.Build.0 = Debug|Any CPU
		{E23C4943-9659-DAB4-2276-69E6760AAF82}.Release|Any CPU.ActiveCfg = Release|Any CPU
		{E23C4943-9659-DAB4-2276-69E6760AAF82}.Release|Any CPU.Build.0 = Release|Any CPU
		{41C6AB6C-9D6F-8205-EE80-CE3EDA424961}.Debug|Any CPU.ActiveCfg = Debug|Any CPU
		{41C6AB6C-9D6F-8205-EE80-CE3EDA424961}.Debug|Any CPU.Build.0 = Debug|Any CPU
		{41C6AB6C-9D6F-8205-EE80-CE3EDA424961}.Release|Any CPU.ActiveCfg = Release|Any CPU
		{41C6AB6C-9D6F-8205-EE80-CE3EDA424961}.Release|Any CPU.Build.0 = Release|Any CPU
		{79255154-DFEC-174E-BF03-E6A2CA26888B}.Debug|Any CPU.ActiveCfg = Debug|Any CPU
		{79255154-DFEC-174E-BF03-E6A2CA26888B}.Debug|Any CPU.Build.0 = Debug|Any CPU
		{79255154-DFEC-174E-BF03-E6A2CA26888B}.Release|Any CPU.ActiveCfg = Release|Any CPU
		{79255154-DFEC-174E-BF03-E6A2CA26888B}.Release|Any CPU.Build.0 = Release|Any CPU
		{0C23CFA4-4D92-6F77-828B-A23896EC1191}.Debug|Any CPU.ActiveCfg = Debug|Any CPU
		{0C23CFA4-4D92-6F77-828B-A23896EC1191}.Debug|Any CPU.Build.0 = Debug|Any CPU
		{0C23CFA4-4D92-6F77-828B-A23896EC1191}.Release|Any CPU.ActiveCfg = Release|Any CPU
		{0C23CFA4-4D92-6F77-828B-A23896EC1191}.Release|Any CPU.Build.0 = Release|Any CPU
		{2C6A80F4-372C-11D0-5283-9BE4FB12234C}.Debug|Any CPU.ActiveCfg = Debug|Any CPU
		{2C6A80F4-372C-11D0-5283-9BE4FB12234C}.Debug|Any CPU.Build.0 = Debug|Any CPU
		{2C6A80F4-372C-11D0-5283-9BE4FB12234C}.Release|Any CPU.ActiveCfg = Release|Any CPU
		{2C6A80F4-372C-11D0-5283-9BE4FB12234C}.Release|Any CPU.Build.0 = Release|Any CPU
	EndGlobalSection
	GlobalSection(SolutionProperties) = preSolution
		HideSolutionNode = FALSE
	EndGlobalSection
EndGlobal
